{
  "version": 4,
  "terraform_version": "1.6.0",
  "serial": 3,
  "lineage": "2d0634bf-016d-3212-163f-812129ae6c12",
  "outputs": {},
  "resources": [
    {
      "mode": "data",
      "type": "azurerm_client_config",
      "name": "current",
      "provider": "provider[\"registry.terraform.io/hashicorp/azurerm\"]",
      "instances": [
        {
          "schema_version": 0,
          "attributes": {
            "client_id": "04b07795-8ddb-461a-bbee-02f9e1bf7b46",
            "id": "Y2xpZW50Q29uZmlncy9jbGllbnRJZD0wNGIwNzc5NS04ZGRiLTQ2MWEtYmJlZS0wMmY5ZTFiZjdiNDY7b2JqZWN0SWQ9NTVlNDg3NzMtNTgxYS00M2UxLWI2N2MtMjQzMWE2N2ZlMGQwO3N1YnNjcmlwdGlvbklkPTNmZmMxMDRmLWFkZmMtNGNkZC04ODZkLTdhYTEyNDM4NDRiYjt0ZW5hbnRJZD1lYTAzNWIwOC1mODBmLTQwYmEtYjBiZC0xZjU5Mzg4MTkyYTQ=",
            "object_id": "55e48773-581a-43e1-b67c-2431a67fe0d0",
            "subscription_id": "3ffc104f-adfc-4cdd-886d-7aa1243844bb",
            "tenant_id": "ea035b08-f80f-40ba-b0bd-1f59388192a4",
            "timeouts": null
          },
          "sensitive_attributes": []
        }
      ]
    },
    {
      "mode": "managed",
      "type": "azurerm_key_vault",
      "name": "mykeyvault",
      "provider": "provider[\"registry.terraform.io/hashicorp/azurerm\"]",
      "instances": [
        {
          "schema_version": 2,
          "attributes": {
            "access_policy": [
              {
                "application_id": "",
                "certificate_permissions": null,
                "key_permissions": [
                  "Get"
                ],
                "object_id": "55e48773-581a-43e1-b67c-2431a67fe0d0",
                "secret_permissions": [
                  "Get"
                ],
                "storage_permissions": [
                  "Get"
                ],
                "tenant_id": "ea035b08-f80f-40ba-b0bd-1f59388192a4"
              }
            ],
            "contact": [],
            "enable_rbac_authorization": false,
            "enabled_for_deployment": false,
            "enabled_for_disk_encryption": true,
            "enabled_for_template_deployment": false,
            "id": "/subscriptions/3ffc104f-adfc-4cdd-886d-7aa1243844bb/resourceGroups/todo-resource-rg/providers/Microsoft.KeyVault/vaults/muk-mykeyvault11",
            "location": "centralindia",
            "name": "muk-mykeyvault11",
            "network_acls": [
              {
                "bypass": "AzureServices",
                "default_action": "Allow",
                "ip_rules": [],
                "virtual_network_subnet_ids": []
              }
            ],
            "public_network_access_enabled": true,
            "purge_protection_enabled": false,
            "resource_group_name": "todo-resource-rg",
            "sku_name": "standard",
            "soft_delete_retention_days": 7,
            "tags": null,
            "tenant_id": "ea035b08-f80f-40ba-b0bd-1f59388192a4",
            "timeouts": null,
            "vault_uri": "https://muk-mykeyvault11.vault.azure.net/"
          },
          "sensitive_attributes": [],
          "private": "eyJlMmJmYjczMC1lY2FhLTExZTYtOGY4OC0zNDM2M2JjN2M0YzAiOnsiY3JlYXRlIjoxODAwMDAwMDAwMDAwLCJkZWxldGUiOjE4MDAwMDAwMDAwMDAsInJlYWQiOjMwMDAwMDAwMDAwMCwidXBkYXRlIjoxODAwMDAwMDAwMDAwfSwic2NoZW1hX3ZlcnNpb24iOiIyIn0=",
          "dependencies": [
            "data.azurerm_client_config.current"
          ]
        }
      ]
    }
  ],
  "check_results": null
}
